
Microsoft Visual Studio Solution File, Format Version 12.00
# Visual Studio Version 17
VisualStudioVersion = 17.2.32616.157
MinimumVisualStudioVersion = 10.0.40219.1
Project("{FAE04EC0-301F-11D3-BF4B-00C04F79EFBC}") = "Course", "Course\Course.csproj", "{FC73FEBE-D0E3-429C-A532-29F9B749347F}"
EndProject
Project("{FAE04EC0-301F-11D3-BF4B-00C04F79EFBC}") = "Course2", "Course2\Course2.csproj", "{C4633983-7CCF-4D8C-8C3E-5496F2F906AB}"
EndProject
Global
	GlobalSection(SolutionConfigurationPlatforms) = preSolution
		Debug|Any CPU = Debug|Any CPU
		Release|Any CPU = Release|Any CPU
	EndGlobalSection
	GlobalSection(ProjectConfigurationPlatforms) = postSolution
		{FC73FEBE-D0E3-429C-A532-29F9B749347F}.Debug|Any CPU.ActiveCfg = Debug|Any CPU
		{FC73FEBE-D0E3-429C-A532-29F9B749347F}.Debug|Any CPU.Build.0 = Debug|Any CPU
		{FC73FEBE-D0E3-429C-A532-29F9B749347F}.Release|Any CPU.ActiveCfg = Release|Any CPU
		{FC73FEBE-D0E3-429C-A532-29F9B749347F}.Release|Any CPU.Build.0 = Release|Any CPU
		{C4633983-7CCF-4D8C-8C3E-5496F2F906AB}.Debug|Any CPU.ActiveCfg = Debug|Any CPU
		{C4633983-7CCF-4D8C-8C3E-5496F2F906AB}.Debug|Any CPU.Build.0 = Debug|Any CPU
		{C4633983-7CCF-4D8C-8C3E-5496F2F906AB}.Release|Any CPU.ActiveCfg = Release|Any CPU
		{C4633983-7CCF-4D8C-8C3E-5496F2F906AB}.Release|Any CPU.Build.0 = Release|Any CPU
	EndGlobalSection
	GlobalSection(SolutionProperties) = preSolution
		HideSolutionNode = FALSE
	EndGlobalSection
	GlobalSection(ExtensibilityGlobals) = postSolution
		SolutionGuid = {67218385-0064-418E-B0F2-90A4CEC589B7}
	EndGlobalSection
EndGlobal
